version: 1.0
shards:
  ameba:
    github: veelenga/ameba
    version: 0.7.0

  coverage:
    github: anykeyh/crystal-coverage
    commit: af5246dde152b6e42352ce6e759bb07e9bed09ed

  kemal:
    github: kemalcr/kemal
    version: 0.23.0

  kilt:
    github: jeromegn/kilt
    version: 0.4.0

  radix:
    github: luislavena/radix
    version: 0.3.8

  roman:
    git: https://gitlab.com/JadeKharats/roman.cr.git
    commit: 2c859857916e32f26db4cbec5f16dd9fb2825685

  spec-kemal:
    github: kemalcr/spec-kemal
    version: 0.4.0

