version: 1.0
shards:
  ameba:
    github: veelenga/ameba
    version: 0.8.0

  coverage:
    github: JadeKharats/crystal-coverage
    commit: c23bbfc5a3d21ad82fe9c011ef5f2dda3bf50bd1

  exception_page:
    github: crystal-loot/exception_page
    version: 0.1.1

  kemal:
    github: kemalcr/kemal
    version: 0.24.0

  kilt:
    github: jeromegn/kilt
    version: 0.4.0

  radix:
    github: luislavena/radix
    version: 0.3.8

  roman:
    git: https://gitlab.com/JadeKharats/roman.cr.git
    commit: 9fbdbbbfe2fd5086cd10da454beb3bd58e9a5d04

  spec-kemal:
    github: kemalcr/spec-kemal
    version: 0.4.0

