version: 1.0
shards:
  ameba:
    github: veelenga/ameba
    version: 0.7.0

  coverage:
    github: JadeKharats/crystal-coverage
    commit: 043066401fd5c822dc24ba6a1ff78da8b2f390c5

  kemal:
    github: kemalcr/kemal
    version: 0.23.0

  kilt:
    github: jeromegn/kilt
    version: 0.4.0

  radix:
    github: luislavena/radix
    version: 0.3.8

  roman:
    git: https://gitlab.com/JadeKharats/roman.cr.git
    commit: 2c859857916e32f26db4cbec5f16dd9fb2825685

  spec-kemal:
    github: kemalcr/spec-kemal
    version: 0.4.0

